
Microsoft Visual Studio Solution File, Format Version 12.00
# Visual Studio Version 16
VisualStudioVersion = 16.0.30011.22
MinimumVisualStudioVersion = 10.0.40219.1
Project("{9A19103F-16F7-4668-BE54-9A1E7A4F7556}") = "AdventOfCode2", "AdventOfCode2\AdventOfCode2.csproj", "{BA4771FB-9530-4726-AB74-B31BFD745DBB}"
EndProject
Project("{2150E333-8FDC-42A3-9474-1A3956D46DE8}") = "Solution Items", "Solution Items", "{E43020B8-C08E-446E-A0DE-03320C50A137}"
	ProjectSection(SolutionItems) = preProject
		TextFile1.txt = TextFile1.txt
	EndProjectSection
EndProject
Global
	GlobalSection(SolutionConfigurationPlatforms) = preSolution
		Debug|Any CPU = Debug|Any CPU
		Release|Any CPU = Release|Any CPU
	EndGlobalSection
	GlobalSection(ProjectConfigurationPlatforms) = postSolution
		{BA4771FB-9530-4726-AB74-B31BFD745DBB}.Debug|Any CPU.ActiveCfg = Debug|Any CPU
		{BA4771FB-9530-4726-AB74-B31BFD745DBB}.Debug|Any CPU.Build.0 = Debug|Any CPU
		{BA4771FB-9530-4726-AB74-B31BFD745DBB}.Release|Any CPU.ActiveCfg = Release|Any CPU
		{BA4771FB-9530-4726-AB74-B31BFD745DBB}.Release|Any CPU.Build.0 = Release|Any CPU
	EndGlobalSection
	GlobalSection(SolutionProperties) = preSolution
		HideSolutionNode = FALSE
	EndGlobalSection
	GlobalSection(ExtensibilityGlobals) = postSolution
		SolutionGuid = {C5669421-AD92-4F1C-B73A-B430A951838C}
	EndGlobalSection
EndGlobal
